// !$*UTF8*$!
{
	archiveVersion = 1;
	classes = {
	};
	objectVersion = 46;
	objects = {

/* Begin PBXBuildFile section */
		4E13009B19E4FE96004ACF49 /* FindNextTest.cpp in Sources */ = {isa = PBXBuildFile; fileRef = 4E13009A19E4FE96004ACF49 /* FindNextTest.cpp */; };
		4E13009E19E52277004ACF49 /* BoxFilterTest.cpp in Sources */ = {isa = PBXBuildFile; fileRef = 4E13009D19E52277004ACF49 /* BoxFilterTest.cpp */; };
		4E58053119EB729700479E6B /* AnimationPlaybackTest.cpp in Sources */ = {isa = PBXBuildFile; fileRef = 4E58052F19EB729700479E6B /* AnimationPlaybackTest.cpp */; };
		4E58053419EB7C5B00479E6B /* PingPongLoopingAnimationController.cpp in Sources */ = {isa = PBXBuildFile; fileRef = 4E58053219EB7C5B00479E6B /* PingPongLoopingAnimationController.cpp */; };
		4E73B24C19E3D57E001B0673 /* main.cpp in Sources */ = {isa = PBXBuildFile; fileRef = 4E73B24B19E3D57E001B0673 /* main.cpp */; };
		4E73B25A19E3D7DF001B0673 /* gtest.framework in Frameworks */ = {isa = PBXBuildFile; fileRef = 4E73B25819E3D7DF001B0673 /* gtest.framework */; };
		4E73B25F19E3DB27001B0673 /* ProjectileAllocator.cpp in Sources */ = {isa = PBXBuildFile; fileRef = 4E73B25D19E3DB27001B0673 /* ProjectileAllocator.cpp */; };
		4E73B26219E3DBFC001B0673 /* ProjectileAllocatorTest.cpp in Sources */ = {isa = PBXBuildFile; fileRef = 4E73B26019E3DBFC001B0673 /* ProjectileAllocatorTest.cpp */; };
/* End PBXBuildFile section */

/* Begin PBXCopyFilesBuildPhase section */
		4E73B24619E3D57E001B0673 /* CopyFiles */ = {
			isa = PBXCopyFilesBuildPhase;
			buildActionMask = 2147483647;
			dstPath = /usr/share/man/man1/;
			dstSubfolderSpec = 0;
			files = (
			);
			runOnlyForDeploymentPostprocessing = 1;
		};
/* End PBXCopyFilesBuildPhase section */

/* Begin PBXFileReference section */
		4E13009819E4D3C1004ACF49 /* GameCodeException.h */ = {isa = PBXFileReference; lastKnownFileType = sourcecode.c.h; path = GameCodeException.h; sourceTree = "<group>"; };
		4E13009A19E4FE96004ACF49 /* FindNextTest.cpp */ = {isa = PBXFileReference; fileEncoding = 4; lastKnownFileType = sourcecode.cpp.cpp; path = FindNextTest.cpp; sourceTree = "<group>"; };
		4E13009D19E52277004ACF49 /* BoxFilterTest.cpp */ = {isa = PBXFileReference; fileEncoding = 4; lastKnownFileType = sourcecode.cpp.cpp; path = BoxFilterTest.cpp; sourceTree = "<group>"; };
		4E58052F19EB729700479E6B /* AnimationPlaybackTest.cpp */ = {isa = PBXFileReference; fileEncoding = 4; lastKnownFileType = sourcecode.cpp.cpp; path = AnimationPlaybackTest.cpp; sourceTree = "<group>"; };
		4E58053219EB7C5B00479E6B /* PingPongLoopingAnimationController.cpp */ = {isa = PBXFileReference; fileEncoding = 4; lastKnownFileType = sourcecode.cpp.cpp; path = PingPongLoopingAnimationController.cpp; sourceTree = "<group>"; };
		4E58053319EB7C5B00479E6B /* PingPongLoopingAnimationController.h */ = {isa = PBXFileReference; fileEncoding = 4; lastKnownFileType = sourcecode.c.h; path = PingPongLoopingAnimationController.h; sourceTree = "<group>"; };
		4E73B24819E3D57E001B0673 /* GameCodeTest */ = {isa = PBXFileReference; explicitFileType = "compiled.mach-o.executable"; includeInIndex = 0; path = GameCodeTest; sourceTree = BUILT_PRODUCTS_DIR; };
		4E73B24B19E3D57E001B0673 /* main.cpp */ = {isa = PBXFileReference; lastKnownFileType = sourcecode.cpp.cpp; path = main.cpp; sourceTree = "<group>"; };
		4E73B25819E3D7DF001B0673 /* gtest.framework */ = {isa = PBXFileReference; lastKnownFileType = wrapper.framework; path = gtest.framework; sourceTree = "<group>"; };
		4E73B25D19E3DB27001B0673 /* ProjectileAllocator.cpp */ = {isa = PBXFileReference; fileEncoding = 4; lastKnownFileType = sourcecode.cpp.cpp; path = ProjectileAllocator.cpp; sourceTree = "<group>"; };
		4E73B25E19E3DB27001B0673 /* ProjectileAllocator.h */ = {isa = PBXFileReference; fileEncoding = 4; lastKnownFileType = sourcecode.c.h; path = ProjectileAllocator.h; sourceTree = "<group>"; };
		4E73B26019E3DBFC001B0673 /* ProjectileAllocatorTest.cpp */ = {isa = PBXFileReference; fileEncoding = 4; lastKnownFileType = sourcecode.cpp.cpp; path = ProjectileAllocatorTest.cpp; sourceTree = "<group>"; };
/* End PBXFileReference section */

/* Begin PBXFrameworksBuildPhase section */
		4E73B24519E3D57E001B0673 /* Frameworks */ = {
			isa = PBXFrameworksBuildPhase;
			buildActionMask = 2147483647;
			files = (
				4E73B25A19E3D7DF001B0673 /* gtest.framework in Frameworks */,
			);
			runOnlyForDeploymentPostprocessing = 0;
		};
/* End PBXFrameworksBuildPhase section */

/* Begin PBXGroup section */
		4E13009919E4FE09004ACF49 /* FindNext */ = {
			isa = PBXGroup;
			children = (
				4E13009A19E4FE96004ACF49 /* FindNextTest.cpp */,
			);
			name = FindNext;
			sourceTree = "<group>";
		};
		4E13009C19E52256004ACF49 /* BoxFilter */ = {
			isa = PBXGroup;
			children = (
				4E13009D19E52277004ACF49 /* BoxFilterTest.cpp */,
			);
			name = BoxFilter;
			sourceTree = "<group>";
		};
		4E58052E19EB727B00479E6B /* AnimationPlayback */ = {
			isa = PBXGroup;
			children = (
				4E58053219EB7C5B00479E6B /* PingPongLoopingAnimationController.cpp */,
				4E58053319EB7C5B00479E6B /* PingPongLoopingAnimationController.h */,
				4E58052F19EB729700479E6B /* AnimationPlaybackTest.cpp */,
			);
			name = AnimationPlayback;
			sourceTree = "<group>";
		};
		4E73B23F19E3D57E001B0673 = {
			isa = PBXGroup;
			children = (
				4E73B25819E3D7DF001B0673 /* gtest.framework */,
				4E73B24A19E3D57E001B0673 /* GameCodeTest */,
				4E73B24919E3D57E001B0673 /* Products */,
			);
			sourceTree = "<group>";
		};
		4E73B24919E3D57E001B0673 /* Products */ = {
			isa = PBXGroup;
			children = (
				4E73B24819E3D57E001B0673 /* GameCodeTest */,
			);
			name = Products;
			sourceTree = "<group>";
		};
		4E73B24A19E3D57E001B0673 /* GameCodeTest */ = {
			isa = PBXGroup;
			children = (
				4E58052E19EB727B00479E6B /* AnimationPlayback */,
				4E13009C19E52256004ACF49 /* BoxFilter */,
				4E13009919E4FE09004ACF49 /* FindNext */,
				4E73B25C19E3DAAF001B0673 /* ProjectileAllocator */,
				4E73B24B19E3D57E001B0673 /* main.cpp */,
				4E13009819E4D3C1004ACF49 /* GameCodeException.h */,
			);
			path = GameCodeTest;
			sourceTree = "<group>";
		};
		4E73B25C19E3DAAF001B0673 /* ProjectileAllocator */ = {
			isa = PBXGroup;
			children = (
				4E73B25D19E3DB27001B0673 /* ProjectileAllocator.cpp */,
				4E73B25E19E3DB27001B0673 /* ProjectileAllocator.h */,
				4E73B26019E3DBFC001B0673 /* ProjectileAllocatorTest.cpp */,
			);
			name = ProjectileAllocator;
			sourceTree = "<group>";
		};
/* End PBXGroup section */

/* Begin PBXNativeTarget section */
		4E73B24719E3D57E001B0673 /* GameCodeTest */ = {
			isa = PBXNativeTarget;
			buildConfigurationList = 4E73B25119E3D57E001B0673 /* Build configuration list for PBXNativeTarget "GameCodeTest" */;
			buildPhases = (
				4E73B24419E3D57E001B0673 /* Sources */,
				4E73B24519E3D57E001B0673 /* Frameworks */,
				4E73B24619E3D57E001B0673 /* CopyFiles */,
			);
			buildRules = (
			);
			dependencies = (
			);
			name = GameCodeTest;
			productName = GameCodeTest;
			productReference = 4E73B24819E3D57E001B0673 /* GameCodeTest */;
			productType = "com.apple.product-type.tool";
		};
/* End PBXNativeTarget section */

/* Begin PBXProject section */
		4E73B24019E3D57E001B0673 /* Project object */ = {
			isa = PBXProject;
			attributes = {
				LastUpgradeCheck = 0510;
				ORGANIZATIONNAME = "Jinho Yoo";
			};
			buildConfigurationList = 4E73B24319E3D57E001B0673 /* Build configuration list for PBXProject "GameCodeTest" */;
			compatibilityVersion = "Xcode 3.2";
			developmentRegion = English;
			hasScannedForEncodings = 0;
			knownRegions = (
				en,
			);
			mainGroup = 4E73B23F19E3D57E001B0673;
			productRefGroup = 4E73B24919E3D57E001B0673 /* Products */;
			projectDirPath = "";
			projectRoot = "";
			targets = (
				4E73B24719E3D57E001B0673 /* GameCodeTest */,
			);
		};
/* End PBXProject section */

/* Begin PBXSourcesBuildPhase section */
		4E73B24419E3D57E001B0673 /* Sources */ = {
			isa = PBXSourcesBuildPhase;
			buildActionMask = 2147483647;
			files = (
				4E58053419EB7C5B00479E6B /* PingPongLoopingAnimationController.cpp in Sources */,
				4E73B26219E3DBFC001B0673 /* ProjectileAllocatorTest.cpp in Sources */,
				4E13009B19E4FE96004ACF49 /* FindNextTest.cpp in Sources */,
				4E73B25F19E3DB27001B0673 /* ProjectileAllocator.cpp in Sources */,
				4E58053119EB729700479E6B /* AnimationPlaybackTest.cpp in Sources */,
				4E13009E19E52277004ACF49 /* BoxFilterTest.cpp in Sources */,
				4E73B24C19E3D57E001B0673 /* main.cpp in Sources */,
			);
			runOnlyForDeploymentPostprocessing = 0;
		};
/* End PBXSourcesBuildPhase section */

/* Begin XCBuildConfiguration section */
		4E73B24F19E3D57E001B0673 /* Debug */ = {
			isa = XCBuildConfiguration;
			buildSettings = {
				ALWAYS_SEARCH_USER_PATHS = NO;
				CLANG_CXX_LANGUAGE_STANDARD = "gnu++0x";
				CLANG_CXX_LIBRARY = "libc++";
				CLANG_ENABLE_MODULES = YES;
				CLANG_ENABLE_OBJC_ARC = YES;
				CLANG_WARN_BOOL_CONVERSION = YES;
				CLANG_WARN_CONSTANT_CONVERSION = YES;
				CLANG_WARN_DIRECT_OBJC_ISA_USAGE = YES_ERROR;
				CLANG_WARN_EMPTY_BODY = YES;
				CLANG_WARN_ENUM_CONVERSION = YES;
				CLANG_WARN_INT_CONVERSION = YES;
				CLANG_WARN_OBJC_ROOT_CLASS = YES_ERROR;
				CLANG_WARN__DUPLICATE_METHOD_MATCH = YES;
				COPY_PHASE_STRIP = NO;
				GCC_C_LANGUAGE_STANDARD = gnu99;
				GCC_DYNAMIC_NO_PIC = NO;
				GCC_ENABLE_OBJC_EXCEPTIONS = YES;
				GCC_OPTIMIZATION_LEVEL = 0;
				GCC_PREPROCESSOR_DEFINITIONS = (
					"DEBUG=1",
					"$(inherited)",
				);
				GCC_SYMBOLS_PRIVATE_EXTERN = NO;
				GCC_WARN_64_TO_32_BIT_CONVERSION = YES;
				GCC_WARN_ABOUT_RETURN_TYPE = YES_ERROR;
				GCC_WARN_UNDECLARED_SELECTOR = YES;
				GCC_WARN_UNINITIALIZED_AUTOS = YES_AGGRESSIVE;
				GCC_WARN_UNUSED_FUNCTION = YES;
				GCC_WARN_UNUSED_VARIABLE = YES;
				MACOSX_DEPLOYMENT_TARGET = 10.9;
				ONLY_ACTIVE_ARCH = YES;
				SDKROOT = macosx;
			};
			name = Debug;
		};
		4E73B25019E3D57E001B0673 /* Release */ = {
			isa = XCBuildConfiguration;
			buildSettings = {
				ALWAYS_SEARCH_USER_PATHS = NO;
				CLANG_CXX_LANGUAGE_STANDARD = "gnu++0x";
				CLANG_CXX_LIBRARY = "libc++";
				CLANG_ENABLE_MODULES = YES;
				CLANG_ENABLE_OBJC_ARC = YES;
				CLANG_WARN_BOOL_CONVERSION = YES;
				CLANG_WARN_CONSTANT_CONVERSION = YES;
				CLANG_WARN_DIRECT_OBJC_ISA_USAGE = YES_ERROR;
				CLANG_WARN_EMPTY_BODY = YES;
				CLANG_WARN_ENUM_CONVERSION = YES;
				CLANG_WARN_INT_CONVERSION = YES;
				CLANG_WARN_OBJC_ROOT_CLASS = YES_ERROR;
				CLANG_WARN__DUPLICATE_METHOD_MATCH = YES;
				COPY_PHASE_STRIP = YES;
				DEBUG_INFORMATION_FORMAT = "dwarf-with-dsym";
				ENABLE_NS_ASSERTIONS = NO;
				GCC_C_LANGUAGE_STANDARD = gnu99;
				GCC_ENABLE_OBJC_EXCEPTIONS = YES;
				GCC_WARN_64_TO_32_BIT_CONVERSION = YES;
				GCC_WARN_ABOUT_RETURN_TYPE = YES_ERROR;
				GCC_WARN_UNDECLARED_SELECTOR = YES;
				GCC_WARN_UNINITIALIZED_AUTOS = YES_AGGRESSIVE;
				GCC_WARN_UNUSED_FUNCTION = YES;
				GCC_WARN_UNUSED_VARIABLE = YES;
				MACOSX_DEPLOYMENT_TARGET = 10.9;
				SDKROOT = macosx;
			};
			name = Release;
		};
		4E73B25219E3D57E001B0673 /* Debug */ = {
			isa = XCBuildConfiguration;
			buildSettings = {
				CLANG_CXX_LIBRARY = "libstdc++";
				CLANG_USE_OPTIMIZATION_PROFILE = NO;
				FRAMEWORK_SEARCH_PATHS = (
					"$(inherited)",
					"$(PROJECT_DIR)",
				);
				GCC_C_LANGUAGE_STANDARD = "compiler-default";
				GCC_INPUT_FILETYPE = sourcecode.cpp.cpp;
				GCC_UNROLL_LOOPS = NO;
				LIBRARY_SEARCH_PATHS = (
					"$(inherited)",
					"$(PROJECT_DIR)",
				);
				PRODUCT_NAME = "$(TARGET_NAME)";
			};
			name = Debug;
		};
		4E73B25319E3D57E001B0673 /* Release */ = {
			isa = XCBuildConfiguration;
			buildSettings = {
				CLANG_CXX_LIBRARY = "libstdc++";
				CLANG_USE_OPTIMIZATION_PROFILE = NO;
				FRAMEWORK_SEARCH_PATHS = (
					"$(inherited)",
					"$(PROJECT_DIR)",
				);
				GCC_C_LANGUAGE_STANDARD = "compiler-default";
				GCC_INPUT_FILETYPE = sourcecode.cpp.cpp;
				GCC_OPTIMIZATION_LEVEL = s;
				GCC_UNROLL_LOOPS = NO;
				LIBRARY_SEARCH_PATHS = (
					"$(inherited)",
					"$(PROJECT_DIR)",
				);
				PRODUCT_NAME = "$(TARGET_NAME)";
			};
			name = Release;
		};
/* End XCBuildConfiguration section */

/* Begin XCConfigurationList section */
		4E73B24319E3D57E001B0673 /* Build configuration list for PBXProject "GameCodeTest" */ = {
			isa = XCConfigurationList;
			buildConfigurations = (
				4E73B24F19E3D57E001B0673 /* Debug */,
				4E73B25019E3D57E001B0673 /* Release */,
			);
			defaultConfigurationIsVisible = 0;
			defaultConfigurationName = Release;
		};
		4E73B25119E3D57E001B0673 /* Build configuration list for PBXNativeTarget "GameCodeTest" */ = {
			isa = XCConfigurationList;
			buildConfigurations = (
				4E73B25219E3D57E001B0673 /* Debug */,
				4E73B25319E3D57E001B0673 /* Release */,
			);
			defaultConfigurationIsVisible = 0;
			defaultConfigurationName = Release;
		};
/* End XCConfigurationList section */
	};
	rootObject = 4E73B24019E3D57E001B0673 /* Project object */;
}
